
Microsoft Visual Studio Solution File, Format Version 12.00
# Visual Studio 15
VisualStudioVersion = 15.0.27130.2010
MinimumVisualStudioVersion = 10.0.40219.1
Project("{FAE04EC0-301F-11D3-BF4B-00C04F79EFBC}") = "EpisodieWeb", "EpisodieWeb\EpisodieWeb.csproj", "{786C1CFB-2F03-4FEF-A8A3-4FA1C9125E25}"
EndProject
Global
	GlobalSection(SolutionConfigurationPlatforms) = preSolution
		Debug|Any CPU = Debug|Any CPU
		Release|Any CPU = Release|Any CPU
	EndGlobalSection
	GlobalSection(ProjectConfigurationPlatforms) = postSolution
		{786C1CFB-2F03-4FEF-A8A3-4FA1C9125E25}.Debug|Any CPU.ActiveCfg = Debug|Any CPU
		{786C1CFB-2F03-4FEF-A8A3-4FA1C9125E25}.Debug|Any CPU.Build.0 = Debug|Any CPU
		{786C1CFB-2F03-4FEF-A8A3-4FA1C9125E25}.Release|Any CPU.ActiveCfg = Release|Any CPU
		{786C1CFB-2F03-4FEF-A8A3-4FA1C9125E25}.Release|Any CPU.Build.0 = Release|Any CPU
	EndGlobalSection
	GlobalSection(SolutionProperties) = preSolution
		HideSolutionNode = FALSE
	EndGlobalSection
	GlobalSection(ExtensibilityGlobals) = postSolution
		SolutionGuid = {548F16F0-D822-480B-898B-A62C9EA7CA44}
	EndGlobalSection
EndGlobal
